
Microsoft Visual Studio Solution File, Format Version 12.00
# Visual Studio Version 17
VisualStudioVersion = 17.4.33205.214
MinimumVisualStudioVersion = 10.0.40219.1
Project("{FAE04EC0-301F-11D3-BF4B-00C04F79EFBC}") = "SipaaGLTestKernel", "SipaaGLTestKernel\SipaaGLTestKernel.csproj", "{45004C6C-6BDB-4C12-9A73-5A04370632E4}"
EndProject
Project("{9A19103F-16F7-4668-BE54-9A1E7A4F7556}") = "SipaaGL", "SipaaGL\SipaaGL.csproj", "{9E1183BB-11A3-4B7C-AD13-68345E745C0E}"
EndProject
Global
	GlobalSection(SolutionConfigurationPlatforms) = preSolution
		Debug|Any CPU = Debug|Any CPU
		Release|Any CPU = Release|Any CPU
	EndGlobalSection
	GlobalSection(ProjectConfigurationPlatforms) = postSolution
		{45004C6C-6BDB-4C12-9A73-5A04370632E4}.Debug|Any CPU.ActiveCfg = Debug|Any CPU
		{45004C6C-6BDB-4C12-9A73-5A04370632E4}.Debug|Any CPU.Build.0 = Debug|Any CPU
		{45004C6C-6BDB-4C12-9A73-5A04370632E4}.Release|Any CPU.ActiveCfg = Release|Any CPU
		{45004C6C-6BDB-4C12-9A73-5A04370632E4}.Release|Any CPU.Build.0 = Release|Any CPU
		{9E1183BB-11A3-4B7C-AD13-68345E745C0E}.Debug|Any CPU.ActiveCfg = Debug|Any CPU
		{9E1183BB-11A3-4B7C-AD13-68345E745C0E}.Debug|Any CPU.Build.0 = Debug|Any CPU
		{9E1183BB-11A3-4B7C-AD13-68345E745C0E}.Release|Any CPU.ActiveCfg = Release|Any CPU
		{9E1183BB-11A3-4B7C-AD13-68345E745C0E}.Release|Any CPU.Build.0 = Release|Any CPU
	EndGlobalSection
	GlobalSection(SolutionProperties) = preSolution
		HideSolutionNode = FALSE
	EndGlobalSection
	GlobalSection(ExtensibilityGlobals) = postSolution
		SolutionGuid = {35D5389B-9DB4-459B-A976-1D9915FF1CF2}
	EndGlobalSection
EndGlobal
